
Microsoft Visual Studio Solution File, Format Version 12.00
# Visual Studio Version 17
VisualStudioVersion = 17.8.34330.188
MinimumVisualStudioVersion = 10.0.40219.1
Project("{9A19103F-16F7-4668-BE54-9A1E7A4F7556}") = "ECommerceDDD.Domain", "ECommerceDDD.Domain\ECommerceDDD.Domain.csproj", "{5F30B28B-E2A4-4EB4-8908-9EC285363818}"
EndProject
Project("{FAE04EC0-301F-11D3-BF4B-00C04F79EFBC}") = "ECommerceDDD.Application", "ECommerceDDD.Application\ECommerceDDD.Application.csproj", "{70007D9E-E984-4DE0-9EBF-6DD81A922795}"
EndProject
Project("{FAE04EC0-301F-11D3-BF4B-00C04F79EFBC}") = "ECommerceDDD.Infrastructure", "ECommerceDDD.Infrastructure\ECommerceDDD.Infrastructure.csproj", "{F9E58B79-C83C-451B-9D01-EBC31D46511F}"
EndProject
Project("{FAE04EC0-301F-11D3-BF4B-00C04F79EFBC}") = "ECommerceDDD.WebAPI", "ECommerceDDD.WebAPI\ECommerceDDD.WebAPI.csproj", "{D7D9C4B7-7E73-477D-8C07-8CCAB2737611}"
EndProject
Global
	GlobalSection(SolutionConfigurationPlatforms) = preSolution
		Debug|Any CPU = Debug|Any CPU
		Release|Any CPU = Release|Any CPU
	EndGlobalSection
	GlobalSection(ProjectConfigurationPlatforms) = postSolution
		{5F30B28B-E2A4-4EB4-8908-9EC285363818}.Debug|Any CPU.ActiveCfg = Debug|Any CPU
		{5F30B28B-E2A4-4EB4-8908-9EC285363818}.Debug|Any CPU.Build.0 = Debug|Any CPU
		{5F30B28B-E2A4-4EB4-8908-9EC285363818}.Release|Any CPU.ActiveCfg = Release|Any CPU
		{5F30B28B-E2A4-4EB4-8908-9EC285363818}.Release|Any CPU.Build.0 = Release|Any CPU
		{70007D9E-E984-4DE0-9EBF-6DD81A922795}.Debug|Any CPU.ActiveCfg = Debug|Any CPU
		{70007D9E-E984-4DE0-9EBF-6DD81A922795}.Debug|Any CPU.Build.0 = Debug|Any CPU
		{70007D9E-E984-4DE0-9EBF-6DD81A922795}.Release|Any CPU.ActiveCfg = Release|Any CPU
		{70007D9E-E984-4DE0-9EBF-6DD81A922795}.Release|Any CPU.Build.0 = Release|Any CPU
		{F9E58B79-C83C-451B-9D01-EBC31D46511F}.Debug|Any CPU.ActiveCfg = Debug|Any CPU
		{F9E58B79-C83C-451B-9D01-EBC31D46511F}.Debug|Any CPU.Build.0 = Debug|Any CPU
		{F9E58B79-C83C-451B-9D01-EBC31D46511F}.Release|Any CPU.ActiveCfg = Release|Any CPU
		{F9E58B79-C83C-451B-9D01-EBC31D46511F}.Release|Any CPU.Build.0 = Release|Any CPU
		{D7D9C4B7-7E73-477D-8C07-8CCAB2737611}.Debug|Any CPU.ActiveCfg = Debug|Any CPU
		{D7D9C4B7-7E73-477D-8C07-8CCAB2737611}.Debug|Any CPU.Build.0 = Debug|Any CPU
		{D7D9C4B7-7E73-477D-8C07-8CCAB2737611}.Release|Any CPU.ActiveCfg = Release|Any CPU
		{D7D9C4B7-7E73-477D-8C07-8CCAB2737611}.Release|Any CPU.Build.0 = Release|Any CPU
	EndGlobalSection
	GlobalSection(SolutionProperties) = preSolution
		HideSolutionNode = FALSE
	EndGlobalSection
	GlobalSection(ExtensibilityGlobals) = postSolution
		SolutionGuid = {3C1ADCB2-B333-46E6-A67E-18FAC69A2642}
	EndGlobalSection
EndGlobal
